
Microsoft Visual Studio Solution File, Format Version 12.00
# Visual Studio Version 16
VisualStudioVersion = 16.0.29926.136
MinimumVisualStudioVersion = 10.0.40219.1
Project("{FAE04EC0-301F-11D3-BF4B-00C04F79EFBC}") = "WordGenerator.Console", "WordGenerator.Console\WordGenerator.Console.csproj", "{10738A87-F9A1-449D-AD1D-065596790BAC}"
EndProject
Global
	GlobalSection(SolutionConfigurationPlatforms) = preSolution
		Debug|Any CPU = Debug|Any CPU
		Release|Any CPU = Release|Any CPU
	EndGlobalSection
	GlobalSection(ProjectConfigurationPlatforms) = postSolution
		{10738A87-F9A1-449D-AD1D-065596790BAC}.Debug|Any CPU.ActiveCfg = Debug|Any CPU
		{10738A87-F9A1-449D-AD1D-065596790BAC}.Debug|Any CPU.Build.0 = Debug|Any CPU
		{10738A87-F9A1-449D-AD1D-065596790BAC}.Release|Any CPU.ActiveCfg = Release|Any CPU
		{10738A87-F9A1-449D-AD1D-065596790BAC}.Release|Any CPU.Build.0 = Release|Any CPU
	EndGlobalSection
	GlobalSection(SolutionProperties) = preSolution
		HideSolutionNode = FALSE
	EndGlobalSection
	GlobalSection(ExtensibilityGlobals) = postSolution
		SolutionGuid = {E1CF027B-47F9-477B-A62D-BE8DCEC41742}
	EndGlobalSection
EndGlobal
